
Microsoft Visual Studio Solution File, Format Version 12.00
Project("{FAE04EC0-301F-11D3-BF4B-00C04F79EFBC}") = "Test.Utils", "Test.Utils\Test.Utils.csproj", "{2ECF6A76-3947-4213-A136-08A0971FF05A}"
EndProject
Project("{FAE04EC0-301F-11D3-BF4B-00C04F79EFBC}") = "Tests.NUnit.Playwright", "Tests.NUnit.Playwright\Tests.NUnit.Playwright.csproj", "{B4B1625E-AC65-469C-B0AD-A41B97C9EFAB}"
EndProject
Project("{FAE04EC0-301F-11D3-BF4B-00C04F79EFBC}") = "Tests.xUnit.Playwright", "Tests.xUnit.Playwright\Tests.xUnit.Playwright.csproj", "{A1F88E9E-555E-4371-90DD-F61DA5D40391}"
EndProject
Global
	GlobalSection(SolutionConfigurationPlatforms) = preSolution
		Debug|Any CPU = Debug|Any CPU
		Release|Any CPU = Release|Any CPU
	EndGlobalSection
	GlobalSection(ProjectConfigurationPlatforms) = postSolution
		{2ECF6A76-3947-4213-A136-08A0971FF05A}.Debug|Any CPU.ActiveCfg = Debug|Any CPU
		{2ECF6A76-3947-4213-A136-08A0971FF05A}.Debug|Any CPU.Build.0 = Debug|Any CPU
		{2ECF6A76-3947-4213-A136-08A0971FF05A}.Release|Any CPU.ActiveCfg = Release|Any CPU
		{2ECF6A76-3947-4213-A136-08A0971FF05A}.Release|Any CPU.Build.0 = Release|Any CPU
		{B4B1625E-AC65-469C-B0AD-A41B97C9EFAB}.Debug|Any CPU.ActiveCfg = Debug|Any CPU
		{B4B1625E-AC65-469C-B0AD-A41B97C9EFAB}.Debug|Any CPU.Build.0 = Debug|Any CPU
		{B4B1625E-AC65-469C-B0AD-A41B97C9EFAB}.Release|Any CPU.ActiveCfg = Release|Any CPU
		{B4B1625E-AC65-469C-B0AD-A41B97C9EFAB}.Release|Any CPU.Build.0 = Release|Any CPU
		{A1F88E9E-555E-4371-90DD-F61DA5D40391}.Debug|Any CPU.ActiveCfg = Debug|Any CPU
		{A1F88E9E-555E-4371-90DD-F61DA5D40391}.Debug|Any CPU.Build.0 = Debug|Any CPU
		{A1F88E9E-555E-4371-90DD-F61DA5D40391}.Release|Any CPU.ActiveCfg = Release|Any CPU
		{A1F88E9E-555E-4371-90DD-F61DA5D40391}.Release|Any CPU.Build.0 = Release|Any CPU
	EndGlobalSection
EndGlobal
